
Microsoft Visual Studio Solution File, Format Version 12.00
# Visual Studio Version 17
VisualStudioVersion = 17.10.35122.118
MinimumVisualStudioVersion = 10.0.40219.1
Project("{FAE04EC0-301F-11D3-BF4B-00C04F79EFBC}") = "mindsweeper", "mindsweeper\mindsweeper.csproj", "{5FECD074-DCB1-46A8-9096-2653955C4402}"
EndProject
Global
	GlobalSection(SolutionConfigurationPlatforms) = preSolution
		Debug|Any CPU = Debug|Any CPU
		Release|Any CPU = Release|Any CPU
	EndGlobalSection
	GlobalSection(ProjectConfigurationPlatforms) = postSolution
		{5FECD074-DCB1-46A8-9096-2653955C4402}.Debug|Any CPU.ActiveCfg = Debug|Any CPU
		{5FECD074-DCB1-46A8-9096-2653955C4402}.Debug|Any CPU.Build.0 = Debug|Any CPU
		{5FECD074-DCB1-46A8-9096-2653955C4402}.Release|Any CPU.ActiveCfg = Release|Any CPU
		{5FECD074-DCB1-46A8-9096-2653955C4402}.Release|Any CPU.Build.0 = Release|Any CPU
	EndGlobalSection
	GlobalSection(SolutionProperties) = preSolution
		HideSolutionNode = FALSE
	EndGlobalSection
	GlobalSection(ExtensibilityGlobals) = postSolution
		SolutionGuid = {D894A888-4897-46BB-9D65-C36DFD3DA805}
	EndGlobalSection
EndGlobal
